
Microsoft Visual Studio Solution File, Format Version 12.00
# Visual Studio Version 17
VisualStudioVersion = 17.13.35818.85 d17.13
MinimumVisualStudioVersion = 10.0.40219.1
Project("{FAE04EC0-301F-11D3-BF4B-00C04F79EFBC}") = "Modul6_103022300001", "Modul6_103022300001.csproj", "{0FA874E3-6328-4EE7-85AE-E99982E19EC1}"
EndProject
Global
	GlobalSection(SolutionConfigurationPlatforms) = preSolution
		Debug|Any CPU = Debug|Any CPU
		Release|Any CPU = Release|Any CPU
	EndGlobalSection
	GlobalSection(ProjectConfigurationPlatforms) = postSolution
		{0FA874E3-6328-4EE7-85AE-E99982E19EC1}.Debug|Any CPU.ActiveCfg = Debug|Any CPU
		{0FA874E3-6328-4EE7-85AE-E99982E19EC1}.Debug|Any CPU.Build.0 = Debug|Any CPU
		{0FA874E3-6328-4EE7-85AE-E99982E19EC1}.Release|Any CPU.ActiveCfg = Release|Any CPU
		{0FA874E3-6328-4EE7-85AE-E99982E19EC1}.Release|Any CPU.Build.0 = Release|Any CPU
	EndGlobalSection
	GlobalSection(SolutionProperties) = preSolution
		HideSolutionNode = FALSE
	EndGlobalSection
	GlobalSection(ExtensibilityGlobals) = postSolution
		SolutionGuid = {AD555E2C-D81C-498B-B6F3-BAB938A719CC}
	EndGlobalSection
EndGlobal
